
Microsoft Visual Studio Solution File, Format Version 12.00
# Visual Studio 15
VisualStudioVersion = 15.0.28010.2046
MinimumVisualStudioVersion = 10.0.40219.1
Project("{FAE04EC0-301F-11D3-BF4B-00C04F79EFBC}") = "TrabajoPracticoPw3", "TrabajoPracticoPw3\TrabajoPracticoPw3.csproj", "{0FCAA2AD-2789-405B-B9D2-292097295712}"
EndProject
Project("{FAE04EC0-301F-11D3-BF4B-00C04F79EFBC}") = "Api", "Api\Api.csproj", "{6467C674-2527-4225-9E08-03DA74B3EE56}"
EndProject
Global
	GlobalSection(SolutionConfigurationPlatforms) = preSolution
		Debug|Any CPU = Debug|Any CPU
		Release|Any CPU = Release|Any CPU
	EndGlobalSection
	GlobalSection(ProjectConfigurationPlatforms) = postSolution
		{0FCAA2AD-2789-405B-B9D2-292097295712}.Debug|Any CPU.ActiveCfg = Debug|Any CPU
		{0FCAA2AD-2789-405B-B9D2-292097295712}.Debug|Any CPU.Build.0 = Debug|Any CPU
		{0FCAA2AD-2789-405B-B9D2-292097295712}.Release|Any CPU.ActiveCfg = Release|Any CPU
		{0FCAA2AD-2789-405B-B9D2-292097295712}.Release|Any CPU.Build.0 = Release|Any CPU
		{6467C674-2527-4225-9E08-03DA74B3EE56}.Debug|Any CPU.ActiveCfg = Debug|Any CPU
		{6467C674-2527-4225-9E08-03DA74B3EE56}.Debug|Any CPU.Build.0 = Debug|Any CPU
		{6467C674-2527-4225-9E08-03DA74B3EE56}.Release|Any CPU.ActiveCfg = Release|Any CPU
		{6467C674-2527-4225-9E08-03DA74B3EE56}.Release|Any CPU.Build.0 = Release|Any CPU
	EndGlobalSection
	GlobalSection(SolutionProperties) = preSolution
		HideSolutionNode = FALSE
	EndGlobalSection
	GlobalSection(ExtensibilityGlobals) = postSolution
		SolutionGuid = {DDE41634-74E6-4913-9E04-F2562DFAF56D}
	EndGlobalSection
EndGlobal
